// !$*UTF8*$!
{
	archiveVersion = 1;
	classes = {
	};
	objectVersion = 56;
	objects = {

/* Begin PBXBuildFile section */
		0938CC982A1E341500CF7780 /* testCode1App.swift in Sources */ = {isa = PBXBuildFile; fileRef = 0938CC972A1E341500CF7780 /* testCode1App.swift */; };
		0938CC9A2A1E341500CF7780 /* ContentView.swift in Sources */ = {isa = PBXBuildFile; fileRef = 0938CC992A1E341500CF7780 /* ContentView.swift */; };
		0938CC9C2A1E341700CF7780 /* Assets.xcassets in Resources */ = {isa = PBXBuildFile; fileRef = 0938CC9B2A1E341700CF7780 /* Assets.xcassets */; };
		0938CC9F2A1E341700CF7780 /* Preview Assets.xcassets in Resources */ = {isa = PBXBuildFile; fileRef = 0938CC9E2A1E341700CF7780 /* Preview Assets.xcassets */; };
		0938CCA92A1E341700CF7780 /* testCode1Tests.swift in Sources */ = {isa = PBXBuildFile; fileRef = 0938CCA82A1E341700CF7780 /* testCode1Tests.swift */; };
		0938CCB32A1E341700CF7780 /* testCode1UITests.swift in Sources */ = {isa = PBXBuildFile; fileRef = 0938CCB22A1E341700CF7780 /* testCode1UITests.swift */; };
		0938CCB52A1E341700CF7780 /* testCode1UITestsLaunchTests.swift in Sources */ = {isa = PBXBuildFile; fileRef = 0938CCB42A1E341700CF7780 /* testCode1UITestsLaunchTests.swift */; };
/* End PBXBuildFile section */

/* Begin PBXContainerItemProxy section */
		0938CCA52A1E341700CF7780 /* PBXContainerItemProxy */ = {
			isa = PBXContainerItemProxy;
			containerPortal = 0938CC8C2A1E341500CF7780 /* Project object */;
			proxyType = 1;
			remoteGlobalIDString = 0938CC932A1E341500CF7780;
			remoteInfo = testCode1;
		};
		0938CCAF2A1E341700CF7780 /* PBXContainerItemProxy */ = {
			isa = PBXContainerItemProxy;
			containerPortal = 0938CC8C2A1E341500CF7780 /* Project object */;
			proxyType = 1;
			remoteGlobalIDString = 0938CC932A1E341500CF7780;
			remoteInfo = testCode1;
		};
/* End PBXContainerItemProxy section */

/* Begin PBXFileReference section */
		0938CC942A1E341500CF7780 /* testCode1.app */ = {isa = PBXFileReference; explicitFileType = wrapper.application; includeInIndex = 0; path = testCode1.app; sourceTree = BUILT_PRODUCTS_DIR; };
		0938CC972A1E341500CF7780 /* testCode1App.swift */ = {isa = PBXFileReference; lastKnownFileType = sourcecode.swift; path = testCode1App.swift; sourceTree = "<group>"; };
		0938CC992A1E341500CF7780 /* ContentView.swift */ = {isa = PBXFileReference; lastKnownFileType = sourcecode.swift; path = ContentView.swift; sourceTree = "<group>"; };
		0938CC9B2A1E341700CF7780 /* Assets.xcassets */ = {isa = PBXFileReference; lastKnownFileType = folder.assetcatalog; path = Assets.xcassets; sourceTree = "<group>"; };
		0938CC9E2A1E341700CF7780 /* Preview Assets.xcassets */ = {isa = PBXFileReference; lastKnownFileType = folder.assetcatalog; path = "Preview Assets.xcassets"; sourceTree = "<group>"; };
		0938CCA42A1E341700CF7780 /* testCode1Tests.xctest */ = {isa = PBXFileReference; explicitFileType = wrapper.cfbundle; includeInIndex = 0; path = testCode1Tests.xctest; sourceTree = BUILT_PRODUCTS_DIR; };
		0938CCA82A1E341700CF7780 /* testCode1Tests.swift */ = {isa = PBXFileReference; lastKnownFileType = sourcecode.swift; path = testCode1Tests.swift; sourceTree = "<group>"; };
		0938CCAE2A1E341700CF7780 /* testCode1UITests.xctest */ = {isa = PBXFileReference; explicitFileType = wrapper.cfbundle; includeInIndex = 0; path = testCode1UITests.xctest; sourceTree = BUILT_PRODUCTS_DIR; };
		0938CCB22A1E341700CF7780 /* testCode1UITests.swift */ = {isa = PBXFileReference; lastKnownFileType = sourcecode.swift; path = testCode1UITests.swift; sourceTree = "<group>"; };
		0938CCB42A1E341700CF7780 /* testCode1UITestsLaunchTests.swift */ = {isa = PBXFileReference; lastKnownFileType = sourcecode.swift; path = testCode1UITestsLaunchTests.swift; sourceTree = "<group>"; };
/* End PBXFileReference section */

/* Begin PBXFrameworksBuildPhase section */
		0938CC912A1E341500CF7780 /* Frameworks */ = {
			isa = PBXFrameworksBuildPhase;
			buildActionMask = 2147483647;
			files = (
			);
			runOnlyForDeploymentPostprocessing = 0;
		};
		0938CCA12A1E341700CF7780 /* Frameworks */ = {
			isa = PBXFrameworksBuildPhase;
			buildActionMask = 2147483647;
			files = (
			);
			runOnlyForDeploymentPostprocessing = 0;
		};
		0938CCAB2A1E341700CF7780 /* Frameworks */ = {
			isa = PBXFrameworksBuildPhase;
			buildActionMask = 2147483647;
			files = (
			);
			runOnlyForDeploymentPostprocessing = 0;
		};
/* End PBXFrameworksBuildPhase section */

/* Begin PBXGroup section */
		0938CC8B2A1E341500CF7780 = {
			isa = PBXGroup;
			children = (
				0938CC962A1E341500CF7780 /* testCode1 */,
				0938CCA72A1E341700CF7780 /* testCode1Tests */,
				0938CCB12A1E341700CF7780 /* testCode1UITests */,
				0938CC952A1E341500CF7780 /* Products */,
			);
			sourceTree = "<group>";
		};
		0938CC952A1E341500CF7780 /* Products */ = {
			isa = PBXGroup;
			children = (
				0938CC942A1E341500CF7780 /* testCode1.app */,
				0938CCA42A1E341700CF7780 /* testCode1Tests.xctest */,
				0938CCAE2A1E341700CF7780 /* testCode1UITests.xctest */,
			);
			name = Products;
			sourceTree = "<group>";
		};
		0938CC962A1E341500CF7780 /* testCode1 */ = {
			isa = PBXGroup;
			children = (
				0938CC972A1E341500CF7780 /* testCode1App.swift */,
				0938CC992A1E341500CF7780 /* ContentView.swift */,
				0938CC9B2A1E341700CF7780 /* Assets.xcassets */,
				0938CC9D2A1E341700CF7780 /* Preview Content */,
			);
			path = testCode1;
			sourceTree = "<group>";
		};
		0938CC9D2A1E341700CF7780 /* Preview Content */ = {
			isa = PBXGroup;
			children = (
				0938CC9E2A1E341700CF7780 /* Preview Assets.xcassets */,
			);
			path = "Preview Content";
			sourceTree = "<group>";
		};
		0938CCA72A1E341700CF7780 /* testCode1Tests */ = {
			isa = PBXGroup;
			children = (
				0938CCA82A1E341700CF7780 /* testCode1Tests.swift */,
			);
			path = testCode1Tests;
			sourceTree = "<group>";
		};
		0938CCB12A1E341700CF7780 /* testCode1UITests */ = {
			isa = PBXGroup;
			children = (
				0938CCB22A1E341700CF7780 /* testCode1UITests.swift */,
				0938CCB42A1E341700CF7780 /* testCode1UITestsLaunchTests.swift */,
			);
			path = testCode1UITests;
			sourceTree = "<group>";
		};
/* End PBXGroup section */

/* Begin PBXNativeTarget section */
		0938CC932A1E341500CF7780 /* testCode1 */ = {
			isa = PBXNativeTarget;
			buildConfigurationList = 0938CCB82A1E341700CF7780 /* Build configuration list for PBXNativeTarget "testCode1" */;
			buildPhases = (
				0938CC902A1E341500CF7780 /* Sources */,
				0938CC912A1E341500CF7780 /* Frameworks */,
				0938CC922A1E341500CF7780 /* Resources */,
			);
			buildRules = (
			);
			dependencies = (
			);
			name = testCode1;
			productName = testCode1;
			productReference = 0938CC942A1E341500CF7780 /* testCode1.app */;
			productType = "com.apple.product-type.application";
		};
		0938CCA32A1E341700CF7780 /* testCode1Tests */ = {
			isa = PBXNativeTarget;
			buildConfigurationList = 0938CCBB2A1E341700CF7780 /* Build configuration list for PBXNativeTarget "testCode1Tests" */;
			buildPhases = (
				0938CCA02A1E341700CF7780 /* Sources */,
				0938CCA12A1E341700CF7780 /* Frameworks */,
				0938CCA22A1E341700CF7780 /* Resources */,
			);
			buildRules = (
			);
			dependencies = (
				0938CCA62A1E341700CF7780 /* PBXTargetDependency */,
			);
			name = testCode1Tests;
			productName = testCode1Tests;
			productReference = 0938CCA42A1E341700CF7780 /* testCode1Tests.xctest */;
			productType = "com.apple.product-type.bundle.unit-test";
		};
		0938CCAD2A1E341700CF7780 /* testCode1UITests */ = {
			isa = PBXNativeTarget;
			buildConfigurationList = 0938CCBE2A1E341700CF7780 /* Build configuration list for PBXNativeTarget "testCode1UITests" */;
			buildPhases = (
				0938CCAA2A1E341700CF7780 /* Sources */,
				0938CCAB2A1E341700CF7780 /* Frameworks */,
				0938CCAC2A1E341700CF7780 /* Resources */,
			);
			buildRules = (
			);
			dependencies = (
				0938CCB02A1E341700CF7780 /* PBXTargetDependency */,
			);
			name = testCode1UITests;
			productName = testCode1UITests;
			productReference = 0938CCAE2A1E341700CF7780 /* testCode1UITests.xctest */;
			productType = "com.apple.product-type.bundle.ui-testing";
		};
/* End PBXNativeTarget section */

/* Begin PBXProject section */
		0938CC8C2A1E341500CF7780 /* Project object */ = {
			isa = PBXProject;
			attributes = {
				BuildIndependentTargetsInParallel = 1;
				LastSwiftUpdateCheck = 1430;
				LastUpgradeCheck = 1430;
				TargetAttributes = {
					0938CC932A1E341500CF7780 = {
						CreatedOnToolsVersion = 14.3;
					};
					0938CCA32A1E341700CF7780 = {
						CreatedOnToolsVersion = 14.3;
						TestTargetID = 0938CC932A1E341500CF7780;
					};
					0938CCAD2A1E341700CF7780 = {
						CreatedOnToolsVersion = 14.3;
						TestTargetID = 0938CC932A1E341500CF7780;
					};
				};
			};
			buildConfigurationList = 0938CC8F2A1E341500CF7780 /* Build configuration list for PBXProject "testCode1" */;
			compatibilityVersion = "Xcode 14.0";
			developmentRegion = en;
			hasScannedForEncodings = 0;
			knownRegions = (
				en,
				Base,
			);
			mainGroup = 0938CC8B2A1E341500CF7780;
			productRefGroup = 0938CC952A1E341500CF7780 /* Products */;
			projectDirPath = "";
			projectRoot = "";
			targets = (
				0938CC932A1E341500CF7780 /* testCode1 */,
				0938CCA32A1E341700CF7780 /* testCode1Tests */,
				0938CCAD2A1E341700CF7780 /* testCode1UITests */,
			);
		};
/* End PBXProject section */

/* Begin PBXResourcesBuildPhase section */
		0938CC922A1E341500CF7780 /* Resources */ = {
			isa = PBXResourcesBuildPhase;
			buildActionMask = 2147483647;
			files = (
				0938CC9F2A1E341700CF7780 /* Preview Assets.xcassets in Resources */,
				0938CC9C2A1E341700CF7780 /* Assets.xcassets in Resources */,
			);
			runOnlyForDeploymentPostprocessing = 0;
		};
		0938CCA22A1E341700CF7780 /* Resources */ = {
			isa = PBXResourcesBuildPhase;
			buildActionMask = 2147483647;
			files = (
			);
			runOnlyForDeploymentPostprocessing = 0;
		};
		0938CCAC2A1E341700CF7780 /* Resources */ = {
			isa = PBXResourcesBuildPhase;
			buildActionMask = 2147483647;
			files = (
			);
			runOnlyForDeploymentPostprocessing = 0;
		};
/* End PBXResourcesBuildPhase section */

/* Begin PBXSourcesBuildPhase section */
		0938CC902A1E341500CF7780 /* Sources */ = {
			isa = PBXSourcesBuildPhase;
			buildActionMask = 2147483647;
			files = (
				0938CC9A2A1E341500CF7780 /* ContentView.swift in Sources */,
				0938CC982A1E341500CF7780 /* testCode1App.swift in Sources */,
			);
			runOnlyForDeploymentPostprocessing = 0;
		};
		0938CCA02A1E341700CF7780 /* Sources */ = {
			isa = PBXSourcesBuildPhase;
			buildActionMask = 2147483647;
			files = (
				0938CCA92A1E341700CF7780 /* testCode1Tests.swift in Sources */,
			);
			runOnlyForDeploymentPostprocessing = 0;
		};
		0938CCAA2A1E341700CF7780 /* Sources */ = {
			isa = PBXSourcesBuildPhase;
			buildActionMask = 2147483647;
			files = (
				0938CCB32A1E341700CF7780 /* testCode1UITests.swift in Sources */,
				0938CCB52A1E341700CF7780 /* testCode1UITestsLaunchTests.swift in Sources */,
			);
			runOnlyForDeploymentPostprocessing = 0;
		};
/* End PBXSourcesBuildPhase section */

/* Begin PBXTargetDependency section */
		0938CCA62A1E341700CF7780 /* PBXTargetDependency */ = {
			isa = PBXTargetDependency;
			target = 0938CC932A1E341500CF7780 /* testCode1 */;
			targetProxy = 0938CCA52A1E341700CF7780 /* PBXContainerItemProxy */;
		};
		0938CCB02A1E341700CF7780 /* PBXTargetDependency */ = {
			isa = PBXTargetDependency;
			target = 0938CC932A1E341500CF7780 /* testCode1 */;
			targetProxy = 0938CCAF2A1E341700CF7780 /* PBXContainerItemProxy */;
		};
/* End PBXTargetDependency section */

/* Begin XCBuildConfiguration section */
		0938CCB62A1E341700CF7780 /* Debug */ = {
			isa = XCBuildConfiguration;
			buildSettings = {
				ALWAYS_SEARCH_USER_PATHS = NO;
				CLANG_ANALYZER_NONNULL = YES;
				CLANG_ANALYZER_NUMBER_OBJECT_CONVERSION = YES_AGGRESSIVE;
				CLANG_CXX_LANGUAGE_STANDARD = "gnu++20";
				CLANG_ENABLE_MODULES = YES;
				CLANG_ENABLE_OBJC_ARC = YES;
				CLANG_ENABLE_OBJC_WEAK = YES;
				CLANG_WARN_BLOCK_CAPTURE_AUTORELEASING = YES;
				CLANG_WARN_BOOL_CONVERSION = YES;
				CLANG_WARN_COMMA = YES;
				CLANG_WARN_CONSTANT_CONVERSION = YES;
				CLANG_WARN_DEPRECATED_OBJC_IMPLEMENTATIONS = YES;
				CLANG_WARN_DIRECT_OBJC_ISA_USAGE = YES_ERROR;
				CLANG_WARN_DOCUMENTATION_COMMENTS = YES;
				CLANG_WARN_EMPTY_BODY = YES;
				CLANG_WARN_ENUM_CONVERSION = YES;
				CLANG_WARN_INFINITE_RECURSION = YES;
				CLANG_WARN_INT_CONVERSION = YES;
				CLANG_WARN_NON_LITERAL_NULL_CONVERSION = YES;
				CLANG_WARN_OBJC_IMPLICIT_RETAIN_SELF = YES;
				CLANG_WARN_OBJC_LITERAL_CONVERSION = YES;
				CLANG_WARN_OBJC_ROOT_CLASS = YES_ERROR;
				CLANG_WARN_QUOTED_INCLUDE_IN_FRAMEWORK_HEADER = YES;
				CLANG_WARN_RANGE_LOOP_ANALYSIS = YES;
				CLANG_WARN_STRICT_PROTOTYPES = YES;
				CLANG_WARN_SUSPICIOUS_MOVE = YES;
				CLANG_WARN_UNGUARDED_AVAILABILITY = YES_AGGRESSIVE;
				CLANG_WARN_UNREACHABLE_CODE = YES;
				CLANG_WARN__DUPLICATE_METHOD_MATCH = YES;
				COPY_PHASE_STRIP = NO;
				DEBUG_INFORMATION_FORMAT = dwarf;
				ENABLE_STRICT_OBJC_MSGSEND = YES;
				ENABLE_TESTABILITY = YES;
				GCC_C_LANGUAGE_STANDARD = gnu11;
				GCC_DYNAMIC_NO_PIC = NO;
				GCC_NO_COMMON_BLOCKS = YES;
				GCC_OPTIMIZATION_LEVEL = 0;
				GCC_PREPROCESSOR_DEFINITIONS = (
					"DEBUG=1",
					"$(inherited)",
				);
				GCC_WARN_64_TO_32_BIT_CONVERSION = YES;
				GCC_WARN_ABOUT_RETURN_TYPE = YES_ERROR;
				GCC_WARN_UNDECLARED_SELECTOR = YES;
				GCC_WARN_UNINITIALIZED_AUTOS = YES_AGGRESSIVE;
				GCC_WARN_UNUSED_FUNCTION = YES;
				GCC_WARN_UNUSED_VARIABLE = YES;
				IPHONEOS_DEPLOYMENT_TARGET = 16.4;
				MTL_ENABLE_DEBUG_INFO = INCLUDE_SOURCE;
				MTL_FAST_MATH = YES;
				ONLY_ACTIVE_ARCH = YES;
				SDKROOT = iphoneos;
				SWIFT_ACTIVE_COMPILATION_CONDITIONS = DEBUG;
				SWIFT_OPTIMIZATION_LEVEL = "-Onone";
			};
			name = Debug;
		};
		0938CCB72A1E341700CF7780 /* Release */ = {
			isa = XCBuildConfiguration;
			buildSettings = {
				ALWAYS_SEARCH_USER_PATHS = NO;
				CLANG_ANALYZER_NONNULL = YES;
				CLANG_ANALYZER_NUMBER_OBJECT_CONVERSION = YES_AGGRESSIVE;
				CLANG_CXX_LANGUAGE_STANDARD = "gnu++20";
				CLANG_ENABLE_MODULES = YES;
				CLANG_ENABLE_OBJC_ARC = YES;
				CLANG_ENABLE_OBJC_WEAK = YES;
				CLANG_WARN_BLOCK_CAPTURE_AUTORELEASING = YES;
				CLANG_WARN_BOOL_CONVERSION = YES;
				CLANG_WARN_COMMA = YES;
				CLANG_WARN_CONSTANT_CONVERSION = YES;
				CLANG_WARN_DEPRECATED_OBJC_IMPLEMENTATIONS = YES;
				CLANG_WARN_DIRECT_OBJC_ISA_USAGE = YES_ERROR;
				CLANG_WARN_DOCUMENTATION_COMMENTS = YES;
				CLANG_WARN_EMPTY_BODY = YES;
				CLANG_WARN_ENUM_CONVERSION = YES;
				CLANG_WARN_INFINITE_RECURSION = YES;
				CLANG_WARN_INT_CONVERSION = YES;
				CLANG_WARN_NON_LITERAL_NULL_CONVERSION = YES;
				CLANG_WARN_OBJC_IMPLICIT_RETAIN_SELF = YES;
				CLANG_WARN_OBJC_LITERAL_CONVERSION = YES;
				CLANG_WARN_OBJC_ROOT_CLASS = YES_ERROR;
				CLANG_WARN_QUOTED_INCLUDE_IN_FRAMEWORK_HEADER = YES;
				CLANG_WARN_RANGE_LOOP_ANALYSIS = YES;
				CLANG_WARN_STRICT_PROTOTYPES = YES;
				CLANG_WARN_SUSPICIOUS_MOVE = YES;
				CLANG_WARN_UNGUARDED_AVAILABILITY = YES_AGGRESSIVE;
				CLANG_WARN_UNREACHABLE_CODE = YES;
				CLANG_WARN__DUPLICATE_METHOD_MATCH = YES;
				COPY_PHASE_STRIP = NO;
				DEBUG_INFORMATION_FORMAT = "dwarf-with-dsym";
				ENABLE_NS_ASSERTIONS = NO;
				ENABLE_STRICT_OBJC_MSGSEND = YES;
				GCC_C_LANGUAGE_STANDARD = gnu11;
				GCC_NO_COMMON_BLOCKS = YES;
				GCC_WARN_64_TO_32_BIT_CONVERSION = YES;
				GCC_WARN_ABOUT_RETURN_TYPE = YES_ERROR;
				GCC_WARN_UNDECLARED_SELECTOR = YES;
				GCC_WARN_UNINITIALIZED_AUTOS = YES_AGGRESSIVE;
				GCC_WARN_UNUSED_FUNCTION = YES;
				GCC_WARN_UNUSED_VARIABLE = YES;
				IPHONEOS_DEPLOYMENT_TARGET = 16.4;
				MTL_ENABLE_DEBUG_INFO = NO;
				MTL_FAST_MATH = YES;
				SDKROOT = iphoneos;
				SWIFT_COMPILATION_MODE = wholemodule;
				SWIFT_OPTIMIZATION_LEVEL = "-O";
				VALIDATE_PRODUCT = YES;
			};
			name = Release;
		};
		0938CCB92A1E341700CF7780 /* Debug */ = {
			isa = XCBuildConfiguration;
			buildSettings = {
				ASSETCATALOG_COMPILER_APPICON_NAME = AppIcon;
				ASSETCATALOG_COMPILER_GLOBAL_ACCENT_COLOR_NAME = AccentColor;
				CODE_SIGN_STYLE = Automatic;
				CURRENT_PROJECT_VERSION = 1;
				DEVELOPMENT_ASSET_PATHS = "\"testCode1/Preview Content\"";
				DEVELOPMENT_TEAM = J8NG2572RV;
				ENABLE_PREVIEWS = YES;
				GENERATE_INFOPLIST_FILE = YES;
				INFOPLIST_KEY_UIApplicationSceneManifest_Generation = YES;
				INFOPLIST_KEY_UIApplicationSupportsIndirectInputEvents = YES;
				INFOPLIST_KEY_UILaunchScreen_Generation = YES;
				INFOPLIST_KEY_UISupportedInterfaceOrientations_iPad = "UIInterfaceOrientationPortrait UIInterfaceOrientationPortraitUpsideDown UIInterfaceOrientationLandscapeLeft UIInterfaceOrientationLandscapeRight";
				INFOPLIST_KEY_UISupportedInterfaceOrientations_iPhone = "UIInterfaceOrientationPortrait UIInterfaceOrientationLandscapeLeft UIInterfaceOrientationLandscapeRight";
				LD_RUNPATH_SEARCH_PATHS = (
					"$(inherited)",
					"@executable_path/Frameworks",
				);
				MARKETING_VERSION = 1.0;
				PRODUCT_BUNDLE_IDENTIFIER = com.yuutarou.testCode1;
				PRODUCT_NAME = "$(TARGET_NAME)";
				SWIFT_EMIT_LOC_STRINGS = YES;
				SWIFT_VERSION = 5.0;
				TARGETED_DEVICE_FAMILY = "1,2";
			};
			name = Debug;
		};
		0938CCBA2A1E341700CF7780 /* Release */ = {
			isa = XCBuildConfiguration;
			buildSettings = {
				ASSETCATALOG_COMPILER_APPICON_NAME = AppIcon;
				ASSETCATALOG_COMPILER_GLOBAL_ACCENT_COLOR_NAME = AccentColor;
				CODE_SIGN_STYLE = Automatic;
				CURRENT_PROJECT_VERSION = 1;
				DEVELOPMENT_ASSET_PATHS = "\"testCode1/Preview Content\"";
				DEVELOPMENT_TEAM = J8NG2572RV;
				ENABLE_PREVIEWS = YES;
				GENERATE_INFOPLIST_FILE = YES;
				INFOPLIST_KEY_UIApplicationSceneManifest_Generation = YES;
				INFOPLIST_KEY_UIApplicationSupportsIndirectInputEvents = YES;
				INFOPLIST_KEY_UILaunchScreen_Generation = YES;
				INFOPLIST_KEY_UISupportedInterfaceOrientations_iPad = "UIInterfaceOrientationPortrait UIInterfaceOrientationPortraitUpsideDown UIInterfaceOrientationLandscapeLeft UIInterfaceOrientationLandscapeRight";
				INFOPLIST_KEY_UISupportedInterfaceOrientations_iPhone = "UIInterfaceOrientationPortrait UIInterfaceOrientationLandscapeLeft UIInterfaceOrientationLandscapeRight";
				LD_RUNPATH_SEARCH_PATHS = (
					"$(inherited)",
					"@executable_path/Frameworks",
				);
				MARKETING_VERSION = 1.0;
				PRODUCT_BUNDLE_IDENTIFIER = com.yuutarou.testCode1;
				PRODUCT_NAME = "$(TARGET_NAME)";
				SWIFT_EMIT_LOC_STRINGS = YES;
				SWIFT_VERSION = 5.0;
				TARGETED_DEVICE_FAMILY = "1,2";
			};
			name = Release;
		};
		0938CCBC2A1E341700CF7780 /* Debug */ = {
			isa = XCBuildConfiguration;
			buildSettings = {
				ALWAYS_EMBED_SWIFT_STANDARD_LIBRARIES = YES;
				BUNDLE_LOADER = "$(TEST_HOST)";
				CODE_SIGN_STYLE = Automatic;
				CURRENT_PROJECT_VERSION = 1;
				DEVELOPMENT_TEAM = J8NG2572RV;
				GENERATE_INFOPLIST_FILE = YES;
				IPHONEOS_DEPLOYMENT_TARGET = 16.4;
				MARKETING_VERSION = 1.0;
				PRODUCT_BUNDLE_IDENTIFIER = com.yuutarou.testCode1Tests;
				PRODUCT_NAME = "$(TARGET_NAME)";
				SWIFT_EMIT_LOC_STRINGS = NO;
				SWIFT_VERSION = 5.0;
				TARGETED_DEVICE_FAMILY = "1,2";
				TEST_HOST = "$(BUILT_PRODUCTS_DIR)/testCode1.app/$(BUNDLE_EXECUTABLE_FOLDER_PATH)/testCode1";
			};
			name = Debug;
		};
		0938CCBD2A1E341700CF7780 /* Release */ = {
			isa = XCBuildConfiguration;
			buildSettings = {
				ALWAYS_EMBED_SWIFT_STANDARD_LIBRARIES = YES;
				BUNDLE_LOADER = "$(TEST_HOST)";
				CODE_SIGN_STYLE = Automatic;
				CURRENT_PROJECT_VERSION = 1;
				DEVELOPMENT_TEAM = J8NG2572RV;
				GENERATE_INFOPLIST_FILE = YES;
				IPHONEOS_DEPLOYMENT_TARGET = 16.4;
				MARKETING_VERSION = 1.0;
				PRODUCT_BUNDLE_IDENTIFIER = com.yuutarou.testCode1Tests;
				PRODUCT_NAME = "$(TARGET_NAME)";
				SWIFT_EMIT_LOC_STRINGS = NO;
				SWIFT_VERSION = 5.0;
				TARGETED_DEVICE_FAMILY = "1,2";
				TEST_HOST = "$(BUILT_PRODUCTS_DIR)/testCode1.app/$(BUNDLE_EXECUTABLE_FOLDER_PATH)/testCode1";
			};
			name = Release;
		};
		0938CCBF2A1E341700CF7780 /* Debug */ = {
			isa = XCBuildConfiguration;
			buildSettings = {
				ALWAYS_EMBED_SWIFT_STANDARD_LIBRARIES = YES;
				CODE_SIGN_STYLE = Automatic;
				CURRENT_PROJECT_VERSION = 1;
				DEVELOPMENT_TEAM = J8NG2572RV;
				GENERATE_INFOPLIST_FILE = YES;
				MARKETING_VERSION = 1.0;
				PRODUCT_BUNDLE_IDENTIFIER = com.yuutarou.testCode1UITests;
				PRODUCT_NAME = "$(TARGET_NAME)";
				SWIFT_EMIT_LOC_STRINGS = NO;
				SWIFT_VERSION = 5.0;
				TARGETED_DEVICE_FAMILY = "1,2";
				TEST_TARGET_NAME = testCode1;
			};
			name = Debug;
		};
		0938CCC02A1E341700CF7780 /* Release */ = {
			isa = XCBuildConfiguration;
			buildSettings = {
				ALWAYS_EMBED_SWIFT_STANDARD_LIBRARIES = YES;
				CODE_SIGN_STYLE = Automatic;
				CURRENT_PROJECT_VERSION = 1;
				DEVELOPMENT_TEAM = J8NG2572RV;
				GENERATE_INFOPLIST_FILE = YES;
				MARKETING_VERSION = 1.0;
				PRODUCT_BUNDLE_IDENTIFIER = com.yuutarou.testCode1UITests;
				PRODUCT_NAME = "$(TARGET_NAME)";
				SWIFT_EMIT_LOC_STRINGS = NO;
				SWIFT_VERSION = 5.0;
				TARGETED_DEVICE_FAMILY = "1,2";
				TEST_TARGET_NAME = testCode1;
			};
			name = Release;
		};
/* End XCBuildConfiguration section */

/* Begin XCConfigurationList section */
		0938CC8F2A1E341500CF7780 /* Build configuration list for PBXProject "testCode1" */ = {
			isa = XCConfigurationList;
			buildConfigurations = (
				0938CCB62A1E341700CF7780 /* Debug */,
				0938CCB72A1E341700CF7780 /* Release */,
			);
			defaultConfigurationIsVisible = 0;
			defaultConfigurationName = Release;
		};
		0938CCB82A1E341700CF7780 /* Build configuration list for PBXNativeTarget "testCode1" */ = {
			isa = XCConfigurationList;
			buildConfigurations = (
				0938CCB92A1E341700CF7780 /* Debug */,
				0938CCBA2A1E341700CF7780 /* Release */,
			);
			defaultConfigurationIsVisible = 0;
			defaultConfigurationName = Release;
		};
		0938CCBB2A1E341700CF7780 /* Build configuration list for PBXNativeTarget "testCode1Tests" */ = {
			isa = XCConfigurationList;
			buildConfigurations = (
				0938CCBC2A1E341700CF7780 /* Debug */,
				0938CCBD2A1E341700CF7780 /* Release */,
			);
			defaultConfigurationIsVisible = 0;
			defaultConfigurationName = Release;
		};
		0938CCBE2A1E341700CF7780 /* Build configuration list for PBXNativeTarget "testCode1UITests" */ = {
			isa = XCConfigurationList;
			buildConfigurations = (
				0938CCBF2A1E341700CF7780 /* Debug */,
				0938CCC02A1E341700CF7780 /* Release */,
			);
			defaultConfigurationIsVisible = 0;
			defaultConfigurationName = Release;
		};
/* End XCConfigurationList section */
	};
	rootObject = 0938CC8C2A1E341500CF7780 /* Project object */;
}
